
Microsoft Visual Studio Solution File, Format Version 12.00
# Visual Studio Version 17
VisualStudioVersion = 17.7.34018.315
MinimumVisualStudioVersion = 10.0.40219.1
Project("{FAE04EC0-301F-11D3-BF4B-00C04F79EFBC}") = "NomiArray", "NomiArray.csproj", "{B9ABFED3-63EB-4112-B95E-4483A3C157FB}"
EndProject
Global
	GlobalSection(SolutionConfigurationPlatforms) = preSolution
		Debug|Any CPU = Debug|Any CPU
		Release|Any CPU = Release|Any CPU
	EndGlobalSection
	GlobalSection(ProjectConfigurationPlatforms) = postSolution
		{B9ABFED3-63EB-4112-B95E-4483A3C157FB}.Debug|Any CPU.ActiveCfg = Debug|Any CPU
		{B9ABFED3-63EB-4112-B95E-4483A3C157FB}.Debug|Any CPU.Build.0 = Debug|Any CPU
		{B9ABFED3-63EB-4112-B95E-4483A3C157FB}.Release|Any CPU.ActiveCfg = Release|Any CPU
		{B9ABFED3-63EB-4112-B95E-4483A3C157FB}.Release|Any CPU.Build.0 = Release|Any CPU
	EndGlobalSection
	GlobalSection(SolutionProperties) = preSolution
		HideSolutionNode = FALSE
	EndGlobalSection
	GlobalSection(ExtensibilityGlobals) = postSolution
		SolutionGuid = {EDE50075-BAF0-4042-A95A-7143F0E7A977}
	EndGlobalSection
EndGlobal
