
Microsoft Visual Studio Solution File, Format Version 12.00
# Visual Studio Version 17
VisualStudioVersion = 17.7.34018.315
MinimumVisualStudioVersion = 10.0.40219.1
Project("{FAE04EC0-301F-11D3-BF4B-00C04F79EFBC}") = "ContoCorrente", "ContoCorrente.csproj", "{EA83E366-E09B-4F3E-8E83-43F88019A16E}"
EndProject
Global
	GlobalSection(SolutionConfigurationPlatforms) = preSolution
		Debug|Any CPU = Debug|Any CPU
		Release|Any CPU = Release|Any CPU
	EndGlobalSection
	GlobalSection(ProjectConfigurationPlatforms) = postSolution
		{EA83E366-E09B-4F3E-8E83-43F88019A16E}.Debug|Any CPU.ActiveCfg = Debug|Any CPU
		{EA83E366-E09B-4F3E-8E83-43F88019A16E}.Debug|Any CPU.Build.0 = Debug|Any CPU
		{EA83E366-E09B-4F3E-8E83-43F88019A16E}.Release|Any CPU.ActiveCfg = Release|Any CPU
		{EA83E366-E09B-4F3E-8E83-43F88019A16E}.Release|Any CPU.Build.0 = Release|Any CPU
	EndGlobalSection
	GlobalSection(SolutionProperties) = preSolution
		HideSolutionNode = FALSE
	EndGlobalSection
	GlobalSection(ExtensibilityGlobals) = postSolution
		SolutionGuid = {77325DE3-3337-4E0F-AA5E-E99B4EC01997}
	EndGlobalSection
EndGlobal
